
Microsoft Visual Studio Solution File, Format Version 12.00
# Visual Studio Version 16
VisualStudioVersion = 16.0.31702.278
MinimumVisualStudioVersion = 10.0.40219.1
Project("{8BC9CEB8-8B4A-11D0-8D11-00A0C91BC942}") = "DirectX", "DirectX\DirectX.vcxproj", "{3261FB83-1091-4C5C-A0ED-E8140A733E9D}"
EndProject
Global
	GlobalSection(SolutionConfigurationPlatforms) = preSolution
		Debug|x64 = Debug|x64
		Debug|x86 = Debug|x86
		Release|x64 = Release|x64
		Release|x86 = Release|x86
	EndGlobalSection
	GlobalSection(ProjectConfigurationPlatforms) = postSolution
		{3261FB83-1091-4C5C-A0ED-E8140A733E9D}.Debug|x64.ActiveCfg = Debug|x64
		{3261FB83-1091-4C5C-A0ED-E8140A733E9D}.Debug|x64.Build.0 = Debug|x64
		{3261FB83-1091-4C5C-A0ED-E8140A733E9D}.Debug|x86.ActiveCfg = Debug|Win32
		{3261FB83-1091-4C5C-A0ED-E8140A733E9D}.Debug|x86.Build.0 = Debug|Win32
		{3261FB83-1091-4C5C-A0ED-E8140A733E9D}.Release|x64.ActiveCfg = Release|x64
		{3261FB83-1091-4C5C-A0ED-E8140A733E9D}.Release|x64.Build.0 = Release|x64
		{3261FB83-1091-4C5C-A0ED-E8140A733E9D}.Release|x86.ActiveCfg = Release|Win32
		{3261FB83-1091-4C5C-A0ED-E8140A733E9D}.Release|x86.Build.0 = Release|Win32
	EndGlobalSection
	GlobalSection(SolutionProperties) = preSolution
		HideSolutionNode = FALSE
	EndGlobalSection
	GlobalSection(ExtensibilityGlobals) = postSolution
		SolutionGuid = {8B72E89E-09A8-484B-8E73-DC606E34214E}
	EndGlobalSection
EndGlobal
